
Microsoft Visual Studio Solution File, Format Version 12.00
# Visual Studio Version 16
VisualStudioVersion = 16.0.31911.196
MinimumVisualStudioVersion = 10.0.40219.1
Project("{FAE04EC0-301F-11D3-BF4B-00C04F79EFBC}") = "abstractex", "abstractex\abstractex.csproj", "{8B6C6B4F-AB2F-46BB-B043-4DDE423883CF}"
EndProject
Global
	GlobalSection(SolutionConfigurationPlatforms) = preSolution
		Debug|Any CPU = Debug|Any CPU
		Release|Any CPU = Release|Any CPU
	EndGlobalSection
	GlobalSection(ProjectConfigurationPlatforms) = postSolution
		{8B6C6B4F-AB2F-46BB-B043-4DDE423883CF}.Debug|Any CPU.ActiveCfg = Debug|Any CPU
		{8B6C6B4F-AB2F-46BB-B043-4DDE423883CF}.Debug|Any CPU.Build.0 = Debug|Any CPU
		{8B6C6B4F-AB2F-46BB-B043-4DDE423883CF}.Release|Any CPU.ActiveCfg = Release|Any CPU
		{8B6C6B4F-AB2F-46BB-B043-4DDE423883CF}.Release|Any CPU.Build.0 = Release|Any CPU
	EndGlobalSection
	GlobalSection(SolutionProperties) = preSolution
		HideSolutionNode = FALSE
	EndGlobalSection
	GlobalSection(ExtensibilityGlobals) = postSolution
		SolutionGuid = {E0290D8F-78A1-4489-B3FA-A3272E73ADC3}
	EndGlobalSection
EndGlobal
